
Microsoft Visual Studio Solution File, Format Version 9.00
# Visual Studio 2005
Project("{8BC9CEB8-8B4A-11D0-8D11-00A0C91BC942}") = "NNTPServer", "NNTPServer\NNTPServer.vcproj", "{2C30FA40-37F6-4D87-99F5-BFB2F7637B27}"
EndProject
Project("{8BC9CEB8-8B4A-11D0-8D11-00A0C91BC942}") = "NNTPServerDataAccess", "NNTPServerDataAccess\NNTPServerDataAccess.vcproj", "{D33B345E-AA86-431B-B4E0-D04D222E93BC}"
EndProject
Global
	GlobalSection(SolutionConfigurationPlatforms) = preSolution
		Debug|Win32 = Debug|Win32
		Release|Win32 = Release|Win32
	EndGlobalSection
	GlobalSection(ProjectConfigurationPlatforms) = postSolution
		{2C30FA40-37F6-4D87-99F5-BFB2F7637B27}.Debug|Win32.ActiveCfg = Debug|Win32
		{2C30FA40-37F6-4D87-99F5-BFB2F7637B27}.Debug|Win32.Build.0 = Debug|Win32
		{2C30FA40-37F6-4D87-99F5-BFB2F7637B27}.Release|Win32.ActiveCfg = Release|Win32
		{2C30FA40-37F6-4D87-99F5-BFB2F7637B27}.Release|Win32.Build.0 = Release|Win32
		{D33B345E-AA86-431B-B4E0-D04D222E93BC}.Debug|Win32.ActiveCfg = Debug|Win32
		{D33B345E-AA86-431B-B4E0-D04D222E93BC}.Debug|Win32.Build.0 = Debug|Win32
		{D33B345E-AA86-431B-B4E0-D04D222E93BC}.Release|Win32.ActiveCfg = Release|Win32
		{D33B345E-AA86-431B-B4E0-D04D222E93BC}.Release|Win32.Build.0 = Release|Win32
	EndGlobalSection
	GlobalSection(SolutionProperties) = preSolution
		HideSolutionNode = FALSE
	EndGlobalSection
EndGlobal
